// !$*UTF8*$!
{
	archiveVersion = 1;
	classes = {
	};
	objectVersion = 77;
	objects = {

/* Begin PBXContainerItemProxy section */
		B32DBC592F91DB0D00D37A3D /* PBXContainerItemProxy */ = {
			isa = PBXContainerItemProxy;
			containerPortal = B32DBC432F91DB0A00D37A3D /* Project object */;
			proxyType = 1;
			remoteGlobalIDString = B32DBC4A2F91DB0A00D37A3D;
			remoteInfo = Ajust;
		};
		B32DBC632F91DB0E00D37A3D /* PBXContainerItemProxy */ = {
			isa = PBXContainerItemProxy;
			containerPortal = B32DBC432F91DB0A00D37A3D /* Project object */;
			proxyType = 1;
			remoteGlobalIDString = B32DBC4A2F91DB0A00D37A3D;
			remoteInfo = Ajust;
		};
/* End PBXContainerItemProxy section */

/* Begin PBXFileReference section */
		B32DBC4B2F91DB0A00D37A3D /* Ajust.app */ = {isa = PBXFileReference; explicitFileType = wrapper.application; includeInIndex = 0; path = Ajust.app; sourceTree = BUILT_PRODUCTS_DIR; };
		B32DBC582F91DB0D00D37A3D /* AjustTests.xctest */ = {isa = PBXFileReference; explicitFileType = wrapper.cfbundle; includeInIndex = 0; path = AjustTests.xctest; sourceTree = BUILT_PRODUCTS_DIR; };
		B32DBC622F91DB0E00D37A3D /* AjustUITests.xctest */ = {isa = PBXFileReference; explicitFileType = wrapper.cfbundle; includeInIndex = 0; path = AjustUITests.xctest; sourceTree = BUILT_PRODUCTS_DIR; };
/* End PBXFileReference section */

/* Begin PBXFileSystemSynchronizedRootGroup section */
		B32DBC4D2F91DB0A00D37A3D /* Ajust */ = {
			isa = PBXFileSystemSynchronizedRootGroup;
			path = Ajust;
			sourceTree = "<group>";
		};
		B32DBC5B2F91DB0D00D37A3D /* AjustTests */ = {
			isa = PBXFileSystemSynchronizedRootGroup;
			path = AjustTests;
			sourceTree = "<group>";
		};
		B32DBC652F91DB0E00D37A3D /* AjustUITests */ = {
			isa = PBXFileSystemSynchronizedRootGroup;
			path = AjustUITests;
			sourceTree = "<group>";
		};
/* End PBXFileSystemSynchronizedRootGroup section */

/* Begin PBXFrameworksBuildPhase section */
		B32DBC482F91DB0A00D37A3D /* Frameworks */ = {
			isa = PBXFrameworksBuildPhase;
			buildActionMask = 2147483647;
			files = (
			);
			runOnlyForDeploymentPostprocessing = 0;
		};
		B32DBC552F91DB0D00D37A3D /* Frameworks */ = {
			isa = PBXFrameworksBuildPhase;
			buildActionMask = 2147483647;
			files = (
			);
			runOnlyForDeploymentPostprocessing = 0;
		};
		B32DBC5F2F91DB0E00D37A3D /* Frameworks */ = {
			isa = PBXFrameworksBuildPhase;
			buildActionMask = 2147483647;
			files = (
			);
			runOnlyForDeploymentPostprocessing = 0;
		};
/* End PBXFrameworksBuildPhase section */

/* Begin PBXGroup section */
		B32DBC422F91DB0A00D37A3D = {
			isa = PBXGroup;
			children = (
				B32DBC4D2F91DB0A00D37A3D /* Ajust */,
				B32DBC5B2F91DB0D00D37A3D /* AjustTests */,
				B32DBC652F91DB0E00D37A3D /* AjustUITests */,
				B32DBC4C2F91DB0A00D37A3D /* Products */,
			);
			sourceTree = "<group>";
		};
		B32DBC4C2F91DB0A00D37A3D /* Products */ = {
			isa = PBXGroup;
			children = (
				B32DBC4B2F91DB0A00D37A3D /* Ajust.app */,
				B32DBC582F91DB0D00D37A3D /* AjustTests.xctest */,
				B32DBC622F91DB0E00D37A3D /* AjustUITests.xctest */,
			);
			name = Products;
			sourceTree = "<group>";
		};
/* End PBXGroup section */

/* Begin PBXNativeTarget section */
		B32DBC4A2F91DB0A00D37A3D /* Ajust */ = {
			isa = PBXNativeTarget;
			buildConfigurationList = B32DBC6C2F91DB0E00D37A3D /* Build configuration list for PBXNativeTarget "Ajust" */;
			buildPhases = (
				B32DBC472F91DB0A00D37A3D /* Sources */,
				B32DBC482F91DB0A00D37A3D /* Frameworks */,
				B32DBC492F91DB0A00D37A3D /* Resources */,
			);
			buildRules = (
			);
			dependencies = (
			);
			fileSystemSynchronizedGroups = (
				B32DBC4D2F91DB0A00D37A3D /* Ajust */,
			);
			name = Ajust;
			packageProductDependencies = (
			);
			productName = Ajust;
			productReference = B32DBC4B2F91DB0A00D37A3D /* Ajust.app */;
			productType = "com.apple.product-type.application";
		};
		B32DBC572F91DB0D00D37A3D /* AjustTests */ = {
			isa = PBXNativeTarget;
			buildConfigurationList = B32DBC6F2F91DB0E00D37A3D /* Build configuration list for PBXNativeTarget "AjustTests" */;
			buildPhases = (
				B32DBC542F91DB0D00D37A3D /* Sources */,
				B32DBC552F91DB0D00D37A3D /* Frameworks */,
				B32DBC562F91DB0D00D37A3D /* Resources */,
			);
			buildRules = (
			);
			dependencies = (
				B32DBC5A2F91DB0D00D37A3D /* PBXTargetDependency */,
			);
			fileSystemSynchronizedGroups = (
				B32DBC5B2F91DB0D00D37A3D /* AjustTests */,
			);
			name = AjustTests;
			packageProductDependencies = (
			);
			productName = AjustTests;
			productReference = B32DBC582F91DB0D00D37A3D /* AjustTests.xctest */;
			productType = "com.apple.product-type.bundle.unit-test";
		};
		B32DBC612F91DB0E00D37A3D /* AjustUITests */ = {
			isa = PBXNativeTarget;
			buildConfigurationList = B32DBC722F91DB0E00D37A3D /* Build configuration list for PBXNativeTarget "AjustUITests" */;
			buildPhases = (
				B32DBC5E2F91DB0E00D37A3D /* Sources */,
				B32DBC5F2F91DB0E00D37A3D /* Frameworks */,
				B32DBC602F91DB0E00D37A3D /* Resources */,
			);
			buildRules = (
			);
			dependencies = (
				B32DBC642F91DB0E00D37A3D /* PBXTargetDependency */,
			);
			fileSystemSynchronizedGroups = (
				B32DBC652F91DB0E00D37A3D /* AjustUITests */,
			);
			name = AjustUITests;
			packageProductDependencies = (
			);
			productName = AjustUITests;
			productReference = B32DBC622F91DB0E00D37A3D /* AjustUITests.xctest */;
			productType = "com.apple.product-type.bundle.ui-testing";
		};
/* End PBXNativeTarget section */

/* Begin PBXProject section */
		B32DBC432F91DB0A00D37A3D /* Project object */ = {
			isa = PBXProject;
			attributes = {
				BuildIndependentTargetsInParallel = 1;
				LastSwiftUpdateCheck = 1640;
				LastUpgradeCheck = 1640;
				TargetAttributes = {
					B32DBC4A2F91DB0A00D37A3D = {
						CreatedOnToolsVersion = 16.4;
					};
					B32DBC572F91DB0D00D37A3D = {
						CreatedOnToolsVersion = 16.4;
						TestTargetID = B32DBC4A2F91DB0A00D37A3D;
					};
					B32DBC612F91DB0E00D37A3D = {
						CreatedOnToolsVersion = 16.4;
						TestTargetID = B32DBC4A2F91DB0A00D37A3D;
					};
				};
			};
			buildConfigurationList = B32DBC462F91DB0A00D37A3D /* Build configuration list for PBXProject "Ajust" */;
			developmentRegion = en;
			hasScannedForEncodings = 0;
			knownRegions = (
				en,
				Base,
			);
			mainGroup = B32DBC422F91DB0A00D37A3D;
			minimizedProjectReferenceProxies = 1;
			preferredProjectObjectVersion = 77;
			productRefGroup = B32DBC4C2F91DB0A00D37A3D /* Products */;
			projectDirPath = "";
			projectRoot = "";
			targets = (
				B32DBC4A2F91DB0A00D37A3D /* Ajust */,
				B32DBC572F91DB0D00D37A3D /* AjustTests */,
				B32DBC612F91DB0E00D37A3D /* AjustUITests */,
			);
		};
/* End PBXProject section */

/* Begin PBXResourcesBuildPhase section */
		B32DBC492F91DB0A00D37A3D /* Resources */ = {
			isa = PBXResourcesBuildPhase;
			buildActionMask = 2147483647;
			files = (
			);
			runOnlyForDeploymentPostprocessing = 0;
		};
		B32DBC562F91DB0D00D37A3D /* Resources */ = {
			isa = PBXResourcesBuildPhase;
			buildActionMask = 2147483647;
			files = (
			);
			runOnlyForDeploymentPostprocessing = 0;
		};
		B32DBC602F91DB0E00D37A3D /* Resources */ = {
			isa = PBXResourcesBuildPhase;
			buildActionMask = 2147483647;
			files = (
			);
			runOnlyForDeploymentPostprocessing = 0;
		};
/* End PBXResourcesBuildPhase section */

/* Begin PBXSourcesBuildPhase section */
		B32DBC472F91DB0A00D37A3D /* Sources */ = {
			isa = PBXSourcesBuildPhase;
			buildActionMask = 2147483647;
			files = (
			);
			runOnlyForDeploymentPostprocessing = 0;
		};
		B32DBC542F91DB0D00D37A3D /* Sources */ = {
			isa = PBXSourcesBuildPhase;
			buildActionMask = 2147483647;
			files = (
			);
			runOnlyForDeploymentPostprocessing = 0;
		};
		B32DBC5E2F91DB0E00D37A3D /* Sources */ = {
			isa = PBXSourcesBuildPhase;
			buildActionMask = 2147483647;
			files = (
			);
			runOnlyForDeploymentPostprocessing = 0;
		};
/* End PBXSourcesBuildPhase section */

/* Begin PBXTargetDependency section */
		B32DBC5A2F91DB0D00D37A3D /* PBXTargetDependency */ = {
			isa = PBXTargetDependency;
			target = B32DBC4A2F91DB0A00D37A3D /* Ajust */;
			targetProxy = B32DBC592F91DB0D00D37A3D /* PBXContainerItemProxy */;
		};
		B32DBC642F91DB0E00D37A3D /* PBXTargetDependency */ = {
			isa = PBXTargetDependency;
			target = B32DBC4A2F91DB0A00D37A3D /* Ajust */;
			targetProxy = B32DBC632F91DB0E00D37A3D /* PBXContainerItemProxy */;
		};
/* End PBXTargetDependency section */

/* Begin XCBuildConfiguration section */
		B32DBC6A2F91DB0E00D37A3D /* Debug */ = {
			isa = XCBuildConfiguration;
			buildSettings = {
				ALWAYS_SEARCH_USER_PATHS = NO;
				ASSETCATALOG_COMPILER_GENERATE_SWIFT_ASSET_SYMBOL_EXTENSIONS = YES;
				CLANG_ANALYZER_NONNULL = YES;
				CLANG_ANALYZER_NUMBER_OBJECT_CONVERSION = YES_AGGRESSIVE;
				CLANG_CXX_LANGUAGE_STANDARD = "gnu++20";
				CLANG_ENABLE_MODULES = YES;
				CLANG_ENABLE_OBJC_ARC = YES;
				CLANG_ENABLE_OBJC_WEAK = YES;
				CLANG_WARN_BLOCK_CAPTURE_AUTORELEASING = YES;
				CLANG_WARN_BOOL_CONVERSION = YES;
				CLANG_WARN_COMMA = YES;
				CLANG_WARN_CONSTANT_CONVERSION = YES;
				CLANG_WARN_DEPRECATED_OBJC_IMPLEMENTATIONS = YES;
				CLANG_WARN_DIRECT_OBJC_ISA_USAGE = YES_ERROR;
				CLANG_WARN_DOCUMENTATION_COMMENTS = YES;
				CLANG_WARN_EMPTY_BODY = YES;
				CLANG_WARN_ENUM_CONVERSION = YES;
				CLANG_WARN_INFINITE_RECURSION = YES;
				CLANG_WARN_INT_CONVERSION = YES;
				CLANG_WARN_NON_LITERAL_NULL_CONVERSION = YES;
				CLANG_WARN_OBJC_IMPLICIT_RETAIN_SELF = YES;
				CLANG_WARN_OBJC_LITERAL_CONVERSION = YES;
				CLANG_WARN_OBJC_ROOT_CLASS = YES_ERROR;
				CLANG_WARN_QUOTED_INCLUDE_IN_FRAMEWORK_HEADER = YES;
				CLANG_WARN_RANGE_LOOP_ANALYSIS = YES;
				CLANG_WARN_STRICT_PROTOTYPES = YES;
				CLANG_WARN_SUSPICIOUS_MOVE = YES;
				CLANG_WARN_UNGUARDED_AVAILABILITY = YES_AGGRESSIVE;
				CLANG_WARN_UNREACHABLE_CODE = YES;
				CLANG_WARN__DUPLICATE_METHOD_MATCH = YES;
				COPY_PHASE_STRIP = NO;
				DEBUG_INFORMATION_FORMAT = dwarf;
				ENABLE_STRICT_OBJC_MSGSEND = YES;
				ENABLE_TESTABILITY = YES;
				ENABLE_USER_SCRIPT_SANDBOXING = YES;
				GCC_C_LANGUAGE_STANDARD = gnu17;
				GCC_DYNAMIC_NO_PIC = NO;
				GCC_NO_COMMON_BLOCKS = YES;
				GCC_OPTIMIZATION_LEVEL = 0;
				GCC_PREPROCESSOR_DEFINITIONS = (
					"DEBUG=1",
					"$(inherited)",
				);
				GCC_WARN_64_TO_32_BIT_CONVERSION = YES;
				GCC_WARN_ABOUT_RETURN_TYPE = YES_ERROR;
				GCC_WARN_UNDECLARED_SELECTOR = YES;
				GCC_WARN_UNINITIALIZED_AUTOS = YES_AGGRESSIVE;
				GCC_WARN_UNUSED_FUNCTION = YES;
				GCC_WARN_UNUSED_VARIABLE = YES;
				IPHONEOS_DEPLOYMENT_TARGET = 18.5;
				LOCALIZATION_PREFERS_STRING_CATALOGS = YES;
				MTL_ENABLE_DEBUG_INFO = INCLUDE_SOURCE;
				MTL_FAST_MATH = YES;
				ONLY_ACTIVE_ARCH = YES;
				SDKROOT = iphoneos;
				SWIFT_ACTIVE_COMPILATION_CONDITIONS = "DEBUG $(inherited)";
				SWIFT_OPTIMIZATION_LEVEL = "-Onone";
			};
			name = Debug;
		};
		B32DBC6B2F91DB0E00D37A3D /* Release */ = {
			isa = XCBuildConfiguration;
			buildSettings = {
				ALWAYS_SEARCH_USER_PATHS = NO;
				ASSETCATALOG_COMPILER_GENERATE_SWIFT_ASSET_SYMBOL_EXTENSIONS = YES;
				CLANG_ANALYZER_NONNULL = YES;
				CLANG_ANALYZER_NUMBER_OBJECT_CONVERSION = YES_AGGRESSIVE;
				CLANG_CXX_LANGUAGE_STANDARD = "gnu++20";
				CLANG_ENABLE_MODULES = YES;
				CLANG_ENABLE_OBJC_ARC = YES;
				CLANG_ENABLE_OBJC_WEAK = YES;
				CLANG_WARN_BLOCK_CAPTURE_AUTORELEASING = YES;
				CLANG_WARN_BOOL_CONVERSION = YES;
				CLANG_WARN_COMMA = YES;
				CLANG_WARN_CONSTANT_CONVERSION = YES;
				CLANG_WARN_DEPRECATED_OBJC_IMPLEMENTATIONS = YES;
				CLANG_WARN_DIRECT_OBJC_ISA_USAGE = YES_ERROR;
				CLANG_WARN_DOCUMENTATION_COMMENTS = YES;
				CLANG_WARN_EMPTY_BODY = YES;
				CLANG_WARN_ENUM_CONVERSION = YES;
				CLANG_WARN_INFINITE_RECURSION = YES;
				CLANG_WARN_INT_CONVERSION = YES;
				CLANG_WARN_NON_LITERAL_NULL_CONVERSION = YES;
				CLANG_WARN_OBJC_IMPLICIT_RETAIN_SELF = YES;
				CLANG_WARN_OBJC_LITERAL_CONVERSION = YES;
				CLANG_WARN_OBJC_ROOT_CLASS = YES_ERROR;
				CLANG_WARN_QUOTED_INCLUDE_IN_FRAMEWORK_HEADER = YES;
				CLANG_WARN_RANGE_LOOP_ANALYSIS = YES;
				CLANG_WARN_STRICT_PROTOTYPES = YES;
				CLANG_WARN_SUSPICIOUS_MOVE = YES;
				CLANG_WARN_UNGUARDED_AVAILABILITY = YES_AGGRESSIVE;
				CLANG_WARN_UNREACHABLE_CODE = YES;
				CLANG_WARN__DUPLICATE_METHOD_MATCH = YES;
				COPY_PHASE_STRIP = NO;
				DEBUG_INFORMATION_FORMAT = "dwarf-with-dsym";
				ENABLE_NS_ASSERTIONS = NO;
				ENABLE_STRICT_OBJC_MSGSEND = YES;
				ENABLE_USER_SCRIPT_SANDBOXING = YES;
				GCC_C_LANGUAGE_STANDARD = gnu17;
				GCC_NO_COMMON_BLOCKS = YES;
				GCC_WARN_64_TO_32_BIT_CONVERSION = YES;
				GCC_WARN_ABOUT_RETURN_TYPE = YES_ERROR;
				GCC_WARN_UNDECLARED_SELECTOR = YES;
				GCC_WARN_UNINITIALIZED_AUTOS = YES_AGGRESSIVE;
				GCC_WARN_UNUSED_FUNCTION = YES;
				GCC_WARN_UNUSED_VARIABLE = YES;
				IPHONEOS_DEPLOYMENT_TARGET = 18.5;
				LOCALIZATION_PREFERS_STRING_CATALOGS = YES;
				MTL_ENABLE_DEBUG_INFO = NO;
				MTL_FAST_MATH = YES;
				SDKROOT = iphoneos;
				SWIFT_COMPILATION_MODE = wholemodule;
				VALIDATE_PRODUCT = YES;
			};
			name = Release;
		};
		B32DBC6D2F91DB0E00D37A3D /* Debug */ = {
			isa = XCBuildConfiguration;
			buildSettings = {
				ASSETCATALOG_COMPILER_APPICON_NAME = AppIcon;
				ASSETCATALOG_COMPILER_GLOBAL_ACCENT_COLOR_NAME = AccentColor;
				CODE_SIGN_STYLE = Automatic;
				CURRENT_PROJECT_VERSION = 1;
				ENABLE_PREVIEWS = YES;
				GENERATE_INFOPLIST_FILE = YES;
				INFOPLIST_KEY_UIApplicationSceneManifest_Generation = YES;
				INFOPLIST_KEY_UIApplicationSupportsIndirectInputEvents = YES;
				INFOPLIST_KEY_UILaunchScreen_Generation = YES;
				INFOPLIST_KEY_UISupportedInterfaceOrientations_iPad = "UIInterfaceOrientationPortrait UIInterfaceOrientationPortraitUpsideDown UIInterfaceOrientationLandscapeLeft UIInterfaceOrientationLandscapeRight";
				INFOPLIST_KEY_UISupportedInterfaceOrientations_iPhone = "UIInterfaceOrientationPortrait UIInterfaceOrientationLandscapeLeft UIInterfaceOrientationLandscapeRight";
				LD_RUNPATH_SEARCH_PATHS = (
					"$(inherited)",
					"@executable_path/Frameworks",
				);
				MARKETING_VERSION = 1.0;
				PRODUCT_BUNDLE_IDENTIFIER = com.aguiar.Ajust;
				PRODUCT_NAME = "$(TARGET_NAME)";
				SWIFT_EMIT_LOC_STRINGS = YES;
				SWIFT_VERSION = 5.0;
				TARGETED_DEVICE_FAMILY = "1,2";
			};
			name = Debug;
		};
		B32DBC6E2F91DB0E00D37A3D /* Release */ = {
			isa = XCBuildConfiguration;
			buildSettings = {
				ASSETCATALOG_COMPILER_APPICON_NAME = AppIcon;
				ASSETCATALOG_COMPILER_GLOBAL_ACCENT_COLOR_NAME = AccentColor;
				CODE_SIGN_STYLE = Automatic;
				CURRENT_PROJECT_VERSION = 1;
				ENABLE_PREVIEWS = YES;
				GENERATE_INFOPLIST_FILE = YES;
				INFOPLIST_KEY_UIApplicationSceneManifest_Generation = YES;
				INFOPLIST_KEY_UIApplicationSupportsIndirectInputEvents = YES;
				INFOPLIST_KEY_UILaunchScreen_Generation = YES;
				INFOPLIST_KEY_UISupportedInterfaceOrientations_iPad = "UIInterfaceOrientationPortrait UIInterfaceOrientationPortraitUpsideDown UIInterfaceOrientationLandscapeLeft UIInterfaceOrientationLandscapeRight";
				INFOPLIST_KEY_UISupportedInterfaceOrientations_iPhone = "UIInterfaceOrientationPortrait UIInterfaceOrientationLandscapeLeft UIInterfaceOrientationLandscapeRight";
				LD_RUNPATH_SEARCH_PATHS = (
					"$(inherited)",
					"@executable_path/Frameworks",
				);
				MARKETING_VERSION = 1.0;
				PRODUCT_BUNDLE_IDENTIFIER = com.aguiar.Ajust;
				PRODUCT_NAME = "$(TARGET_NAME)";
				SWIFT_EMIT_LOC_STRINGS = YES;
				SWIFT_VERSION = 5.0;
				TARGETED_DEVICE_FAMILY = "1,2";
			};
			name = Release;
		};
		B32DBC702F91DB0E00D37A3D /* Debug */ = {
			isa = XCBuildConfiguration;
			buildSettings = {
				BUNDLE_LOADER = "$(TEST_HOST)";
				CODE_SIGN_STYLE = Automatic;
				CURRENT_PROJECT_VERSION = 1;
				GENERATE_INFOPLIST_FILE = YES;
				IPHONEOS_DEPLOYMENT_TARGET = 18.5;
				MARKETING_VERSION = 1.0;
				PRODUCT_BUNDLE_IDENTIFIER = com.aguiar.AjustTests;
				PRODUCT_NAME = "$(TARGET_NAME)";
				SWIFT_EMIT_LOC_STRINGS = NO;
				SWIFT_VERSION = 5.0;
				TARGETED_DEVICE_FAMILY = "1,2";
				TEST_HOST = "$(BUILT_PRODUCTS_DIR)/Ajust.app/$(BUNDLE_EXECUTABLE_FOLDER_PATH)/Ajust";
			};
			name = Debug;
		};
		B32DBC712F91DB0E00D37A3D /* Release */ = {
			isa = XCBuildConfiguration;
			buildSettings = {
				BUNDLE_LOADER = "$(TEST_HOST)";
				CODE_SIGN_STYLE = Automatic;
				CURRENT_PROJECT_VERSION = 1;
				GENERATE_INFOPLIST_FILE = YES;
				IPHONEOS_DEPLOYMENT_TARGET = 18.5;
				MARKETING_VERSION = 1.0;
				PRODUCT_BUNDLE_IDENTIFIER = com.aguiar.AjustTests;
				PRODUCT_NAME = "$(TARGET_NAME)";
				SWIFT_EMIT_LOC_STRINGS = NO;
				SWIFT_VERSION = 5.0;
				TARGETED_DEVICE_FAMILY = "1,2";
				TEST_HOST = "$(BUILT_PRODUCTS_DIR)/Ajust.app/$(BUNDLE_EXECUTABLE_FOLDER_PATH)/Ajust";
			};
			name = Release;
		};
		B32DBC732F91DB0E00D37A3D /* Debug */ = {
			isa = XCBuildConfiguration;
			buildSettings = {
				CODE_SIGN_STYLE = Automatic;
				CURRENT_PROJECT_VERSION = 1;
				GENERATE_INFOPLIST_FILE = YES;
				MARKETING_VERSION = 1.0;
				PRODUCT_BUNDLE_IDENTIFIER = com.aguiar.AjustUITests;
				PRODUCT_NAME = "$(TARGET_NAME)";
				SWIFT_EMIT_LOC_STRINGS = NO;
				SWIFT_VERSION = 5.0;
				TARGETED_DEVICE_FAMILY = "1,2";
				TEST_TARGET_NAME = Ajust;
			};
			name = Debug;
		};
		B32DBC742F91DB0E00D37A3D /* Release */ = {
			isa = XCBuildConfiguration;
			buildSettings = {
				CODE_SIGN_STYLE = Automatic;
				CURRENT_PROJECT_VERSION = 1;
				GENERATE_INFOPLIST_FILE = YES;
				MARKETING_VERSION = 1.0;
				PRODUCT_BUNDLE_IDENTIFIER = com.aguiar.AjustUITests;
				PRODUCT_NAME = "$(TARGET_NAME)";
				SWIFT_EMIT_LOC_STRINGS = NO;
				SWIFT_VERSION = 5.0;
				TARGETED_DEVICE_FAMILY = "1,2";
				TEST_TARGET_NAME = Ajust;
			};
			name = Release;
		};
/* End XCBuildConfiguration section */

/* Begin XCConfigurationList section */
		B32DBC462F91DB0A00D37A3D /* Build configuration list for PBXProject "Ajust" */ = {
			isa = XCConfigurationList;
			buildConfigurations = (
				B32DBC6A2F91DB0E00D37A3D /* Debug */,
				B32DBC6B2F91DB0E00D37A3D /* Release */,
			);
			defaultConfigurationIsVisible = 0;
			defaultConfigurationName = Release;
		};
		B32DBC6C2F91DB0E00D37A3D /* Build configuration list for PBXNativeTarget "Ajust" */ = {
			isa = XCConfigurationList;
			buildConfigurations = (
				B32DBC6D2F91DB0E00D37A3D /* Debug */,
				B32DBC6E2F91DB0E00D37A3D /* Release */,
			);
			defaultConfigurationIsVisible = 0;
			defaultConfigurationName = Release;
		};
		B32DBC6F2F91DB0E00D37A3D /* Build configuration list for PBXNativeTarget "AjustTests" */ = {
			isa = XCConfigurationList;
			buildConfigurations = (
				B32DBC702F91DB0E00D37A3D /* Debug */,
				B32DBC712F91DB0E00D37A3D /* Release */,
			);
			defaultConfigurationIsVisible = 0;
			defaultConfigurationName = Release;
		};
		B32DBC722F91DB0E00D37A3D /* Build configuration list for PBXNativeTarget "AjustUITests" */ = {
			isa = XCConfigurationList;
			buildConfigurations = (
				B32DBC732F91DB0E00D37A3D /* Debug */,
				B32DBC742F91DB0E00D37A3D /* Release */,
			);
			defaultConfigurationIsVisible = 0;
			defaultConfigurationName = Release;
		};
/* End XCConfigurationList section */
	};
	rootObject = B32DBC432F91DB0A00D37A3D /* Project object */;
}
