// !$*UTF8*$!
{
	archiveVersion = 1;
	classes = {
	};
	objectVersion = 77;
	objects = {

/* Begin PBXContainerItemProxy section */
		B3EBC4292F9B15CC00657C1A /* PBXContainerItemProxy */ = {
			isa = PBXContainerItemProxy;
			containerPortal = B3EBC4132F9B15C900657C1A /* Project object */;
			proxyType = 1;
			remoteGlobalIDString = B3EBC41A2F9B15C900657C1A;
			remoteInfo = "Follow-MVVM-DataFlow";
		};
		B3EBC4332F9B15CC00657C1A /* PBXContainerItemProxy */ = {
			isa = PBXContainerItemProxy;
			containerPortal = B3EBC4132F9B15C900657C1A /* Project object */;
			proxyType = 1;
			remoteGlobalIDString = B3EBC41A2F9B15C900657C1A;
			remoteInfo = "Follow-MVVM-DataFlow";
		};
/* End PBXContainerItemProxy section */

/* Begin PBXFileReference section */
		B3EBC41B2F9B15C900657C1A /* Follow-MVVM-DataFlow.app */ = {isa = PBXFileReference; explicitFileType = wrapper.application; includeInIndex = 0; path = "Follow-MVVM-DataFlow.app"; sourceTree = BUILT_PRODUCTS_DIR; };
		B3EBC4282F9B15CC00657C1A /* Follow-MVVM-DataFlowTests.xctest */ = {isa = PBXFileReference; explicitFileType = wrapper.cfbundle; includeInIndex = 0; path = "Follow-MVVM-DataFlowTests.xctest"; sourceTree = BUILT_PRODUCTS_DIR; };
		B3EBC4322F9B15CC00657C1A /* Follow-MVVM-DataFlowUITests.xctest */ = {isa = PBXFileReference; explicitFileType = wrapper.cfbundle; includeInIndex = 0; path = "Follow-MVVM-DataFlowUITests.xctest"; sourceTree = BUILT_PRODUCTS_DIR; };
/* End PBXFileReference section */

/* Begin PBXFileSystemSynchronizedRootGroup section */
		B3EBC41D2F9B15C900657C1A /* Follow-MVVM-DataFlow */ = {
			isa = PBXFileSystemSynchronizedRootGroup;
			path = "Follow-MVVM-DataFlow";
			sourceTree = "<group>";
		};
		B3EBC42B2F9B15CC00657C1A /* Follow-MVVM-DataFlowTests */ = {
			isa = PBXFileSystemSynchronizedRootGroup;
			path = "Follow-MVVM-DataFlowTests";
			sourceTree = "<group>";
		};
		B3EBC4352F9B15CC00657C1A /* Follow-MVVM-DataFlowUITests */ = {
			isa = PBXFileSystemSynchronizedRootGroup;
			path = "Follow-MVVM-DataFlowUITests";
			sourceTree = "<group>";
		};
/* End PBXFileSystemSynchronizedRootGroup section */

/* Begin PBXFrameworksBuildPhase section */
		B3EBC4182F9B15C900657C1A /* Frameworks */ = {
			isa = PBXFrameworksBuildPhase;
			buildActionMask = 2147483647;
			files = (
			);
			runOnlyForDeploymentPostprocessing = 0;
		};
		B3EBC4252F9B15CC00657C1A /* Frameworks */ = {
			isa = PBXFrameworksBuildPhase;
			buildActionMask = 2147483647;
			files = (
			);
			runOnlyForDeploymentPostprocessing = 0;
		};
		B3EBC42F2F9B15CC00657C1A /* Frameworks */ = {
			isa = PBXFrameworksBuildPhase;
			buildActionMask = 2147483647;
			files = (
			);
			runOnlyForDeploymentPostprocessing = 0;
		};
/* End PBXFrameworksBuildPhase section */

/* Begin PBXGroup section */
		B3EBC4122F9B15C900657C1A = {
			isa = PBXGroup;
			children = (
				B3EBC41D2F9B15C900657C1A /* Follow-MVVM-DataFlow */,
				B3EBC42B2F9B15CC00657C1A /* Follow-MVVM-DataFlowTests */,
				B3EBC4352F9B15CC00657C1A /* Follow-MVVM-DataFlowUITests */,
				B3EBC41C2F9B15C900657C1A /* Products */,
			);
			sourceTree = "<group>";
		};
		B3EBC41C2F9B15C900657C1A /* Products */ = {
			isa = PBXGroup;
			children = (
				B3EBC41B2F9B15C900657C1A /* Follow-MVVM-DataFlow.app */,
				B3EBC4282F9B15CC00657C1A /* Follow-MVVM-DataFlowTests.xctest */,
				B3EBC4322F9B15CC00657C1A /* Follow-MVVM-DataFlowUITests.xctest */,
			);
			name = Products;
			sourceTree = "<group>";
		};
/* End PBXGroup section */

/* Begin PBXNativeTarget section */
		B3EBC41A2F9B15C900657C1A /* Follow-MVVM-DataFlow */ = {
			isa = PBXNativeTarget;
			buildConfigurationList = B3EBC43C2F9B15CC00657C1A /* Build configuration list for PBXNativeTarget "Follow-MVVM-DataFlow" */;
			buildPhases = (
				B3EBC4172F9B15C900657C1A /* Sources */,
				B3EBC4182F9B15C900657C1A /* Frameworks */,
				B3EBC4192F9B15C900657C1A /* Resources */,
			);
			buildRules = (
			);
			dependencies = (
			);
			fileSystemSynchronizedGroups = (
				B3EBC41D2F9B15C900657C1A /* Follow-MVVM-DataFlow */,
			);
			name = "Follow-MVVM-DataFlow";
			packageProductDependencies = (
			);
			productName = "Follow-MVVM-DataFlow";
			productReference = B3EBC41B2F9B15C900657C1A /* Follow-MVVM-DataFlow.app */;
			productType = "com.apple.product-type.application";
		};
		B3EBC4272F9B15CC00657C1A /* Follow-MVVM-DataFlowTests */ = {
			isa = PBXNativeTarget;
			buildConfigurationList = B3EBC43F2F9B15CC00657C1A /* Build configuration list for PBXNativeTarget "Follow-MVVM-DataFlowTests" */;
			buildPhases = (
				B3EBC4242F9B15CC00657C1A /* Sources */,
				B3EBC4252F9B15CC00657C1A /* Frameworks */,
				B3EBC4262F9B15CC00657C1A /* Resources */,
			);
			buildRules = (
			);
			dependencies = (
				B3EBC42A2F9B15CC00657C1A /* PBXTargetDependency */,
			);
			fileSystemSynchronizedGroups = (
				B3EBC42B2F9B15CC00657C1A /* Follow-MVVM-DataFlowTests */,
			);
			name = "Follow-MVVM-DataFlowTests";
			packageProductDependencies = (
			);
			productName = "Follow-MVVM-DataFlowTests";
			productReference = B3EBC4282F9B15CC00657C1A /* Follow-MVVM-DataFlowTests.xctest */;
			productType = "com.apple.product-type.bundle.unit-test";
		};
		B3EBC4312F9B15CC00657C1A /* Follow-MVVM-DataFlowUITests */ = {
			isa = PBXNativeTarget;
			buildConfigurationList = B3EBC4422F9B15CC00657C1A /* Build configuration list for PBXNativeTarget "Follow-MVVM-DataFlowUITests" */;
			buildPhases = (
				B3EBC42E2F9B15CC00657C1A /* Sources */,
				B3EBC42F2F9B15CC00657C1A /* Frameworks */,
				B3EBC4302F9B15CC00657C1A /* Resources */,
			);
			buildRules = (
			);
			dependencies = (
				B3EBC4342F9B15CC00657C1A /* PBXTargetDependency */,
			);
			fileSystemSynchronizedGroups = (
				B3EBC4352F9B15CC00657C1A /* Follow-MVVM-DataFlowUITests */,
			);
			name = "Follow-MVVM-DataFlowUITests";
			packageProductDependencies = (
			);
			productName = "Follow-MVVM-DataFlowUITests";
			productReference = B3EBC4322F9B15CC00657C1A /* Follow-MVVM-DataFlowUITests.xctest */;
			productType = "com.apple.product-type.bundle.ui-testing";
		};
/* End PBXNativeTarget section */

/* Begin PBXProject section */
		B3EBC4132F9B15C900657C1A /* Project object */ = {
			isa = PBXProject;
			attributes = {
				BuildIndependentTargetsInParallel = 1;
				LastSwiftUpdateCheck = 1640;
				LastUpgradeCheck = 1640;
				TargetAttributes = {
					B3EBC41A2F9B15C900657C1A = {
						CreatedOnToolsVersion = 16.4;
					};
					B3EBC4272F9B15CC00657C1A = {
						CreatedOnToolsVersion = 16.4;
						TestTargetID = B3EBC41A2F9B15C900657C1A;
					};
					B3EBC4312F9B15CC00657C1A = {
						CreatedOnToolsVersion = 16.4;
						TestTargetID = B3EBC41A2F9B15C900657C1A;
					};
				};
			};
			buildConfigurationList = B3EBC4162F9B15C900657C1A /* Build configuration list for PBXProject "Follow-MVVM-DataFlow" */;
			developmentRegion = en;
			hasScannedForEncodings = 0;
			knownRegions = (
				en,
				Base,
			);
			mainGroup = B3EBC4122F9B15C900657C1A;
			minimizedProjectReferenceProxies = 1;
			preferredProjectObjectVersion = 77;
			productRefGroup = B3EBC41C2F9B15C900657C1A /* Products */;
			projectDirPath = "";
			projectRoot = "";
			targets = (
				B3EBC41A2F9B15C900657C1A /* Follow-MVVM-DataFlow */,
				B3EBC4272F9B15CC00657C1A /* Follow-MVVM-DataFlowTests */,
				B3EBC4312F9B15CC00657C1A /* Follow-MVVM-DataFlowUITests */,
			);
		};
/* End PBXProject section */

/* Begin PBXResourcesBuildPhase section */
		B3EBC4192F9B15C900657C1A /* Resources */ = {
			isa = PBXResourcesBuildPhase;
			buildActionMask = 2147483647;
			files = (
			);
			runOnlyForDeploymentPostprocessing = 0;
		};
		B3EBC4262F9B15CC00657C1A /* Resources */ = {
			isa = PBXResourcesBuildPhase;
			buildActionMask = 2147483647;
			files = (
			);
			runOnlyForDeploymentPostprocessing = 0;
		};
		B3EBC4302F9B15CC00657C1A /* Resources */ = {
			isa = PBXResourcesBuildPhase;
			buildActionMask = 2147483647;
			files = (
			);
			runOnlyForDeploymentPostprocessing = 0;
		};
/* End PBXResourcesBuildPhase section */

/* Begin PBXSourcesBuildPhase section */
		B3EBC4172F9B15C900657C1A /* Sources */ = {
			isa = PBXSourcesBuildPhase;
			buildActionMask = 2147483647;
			files = (
			);
			runOnlyForDeploymentPostprocessing = 0;
		};
		B3EBC4242F9B15CC00657C1A /* Sources */ = {
			isa = PBXSourcesBuildPhase;
			buildActionMask = 2147483647;
			files = (
			);
			runOnlyForDeploymentPostprocessing = 0;
		};
		B3EBC42E2F9B15CC00657C1A /* Sources */ = {
			isa = PBXSourcesBuildPhase;
			buildActionMask = 2147483647;
			files = (
			);
			runOnlyForDeploymentPostprocessing = 0;
		};
/* End PBXSourcesBuildPhase section */

/* Begin PBXTargetDependency section */
		B3EBC42A2F9B15CC00657C1A /* PBXTargetDependency */ = {
			isa = PBXTargetDependency;
			target = B3EBC41A2F9B15C900657C1A /* Follow-MVVM-DataFlow */;
			targetProxy = B3EBC4292F9B15CC00657C1A /* PBXContainerItemProxy */;
		};
		B3EBC4342F9B15CC00657C1A /* PBXTargetDependency */ = {
			isa = PBXTargetDependency;
			target = B3EBC41A2F9B15C900657C1A /* Follow-MVVM-DataFlow */;
			targetProxy = B3EBC4332F9B15CC00657C1A /* PBXContainerItemProxy */;
		};
/* End PBXTargetDependency section */

/* Begin XCBuildConfiguration section */
		B3EBC43A2F9B15CC00657C1A /* Debug */ = {
			isa = XCBuildConfiguration;
			buildSettings = {
				ALWAYS_SEARCH_USER_PATHS = NO;
				ASSETCATALOG_COMPILER_GENERATE_SWIFT_ASSET_SYMBOL_EXTENSIONS = YES;
				CLANG_ANALYZER_NONNULL = YES;
				CLANG_ANALYZER_NUMBER_OBJECT_CONVERSION = YES_AGGRESSIVE;
				CLANG_CXX_LANGUAGE_STANDARD = "gnu++20";
				CLANG_ENABLE_MODULES = YES;
				CLANG_ENABLE_OBJC_ARC = YES;
				CLANG_ENABLE_OBJC_WEAK = YES;
				CLANG_WARN_BLOCK_CAPTURE_AUTORELEASING = YES;
				CLANG_WARN_BOOL_CONVERSION = YES;
				CLANG_WARN_COMMA = YES;
				CLANG_WARN_CONSTANT_CONVERSION = YES;
				CLANG_WARN_DEPRECATED_OBJC_IMPLEMENTATIONS = YES;
				CLANG_WARN_DIRECT_OBJC_ISA_USAGE = YES_ERROR;
				CLANG_WARN_DOCUMENTATION_COMMENTS = YES;
				CLANG_WARN_EMPTY_BODY = YES;
				CLANG_WARN_ENUM_CONVERSION = YES;
				CLANG_WARN_INFINITE_RECURSION = YES;
				CLANG_WARN_INT_CONVERSION = YES;
				CLANG_WARN_NON_LITERAL_NULL_CONVERSION = YES;
				CLANG_WARN_OBJC_IMPLICIT_RETAIN_SELF = YES;
				CLANG_WARN_OBJC_LITERAL_CONVERSION = YES;
				CLANG_WARN_OBJC_ROOT_CLASS = YES_ERROR;
				CLANG_WARN_QUOTED_INCLUDE_IN_FRAMEWORK_HEADER = YES;
				CLANG_WARN_RANGE_LOOP_ANALYSIS = YES;
				CLANG_WARN_STRICT_PROTOTYPES = YES;
				CLANG_WARN_SUSPICIOUS_MOVE = YES;
				CLANG_WARN_UNGUARDED_AVAILABILITY = YES_AGGRESSIVE;
				CLANG_WARN_UNREACHABLE_CODE = YES;
				CLANG_WARN__DUPLICATE_METHOD_MATCH = YES;
				COPY_PHASE_STRIP = NO;
				DEBUG_INFORMATION_FORMAT = dwarf;
				ENABLE_STRICT_OBJC_MSGSEND = YES;
				ENABLE_TESTABILITY = YES;
				ENABLE_USER_SCRIPT_SANDBOXING = YES;
				GCC_C_LANGUAGE_STANDARD = gnu17;
				GCC_DYNAMIC_NO_PIC = NO;
				GCC_NO_COMMON_BLOCKS = YES;
				GCC_OPTIMIZATION_LEVEL = 0;
				GCC_PREPROCESSOR_DEFINITIONS = (
					"DEBUG=1",
					"$(inherited)",
				);
				GCC_WARN_64_TO_32_BIT_CONVERSION = YES;
				GCC_WARN_ABOUT_RETURN_TYPE = YES_ERROR;
				GCC_WARN_UNDECLARED_SELECTOR = YES;
				GCC_WARN_UNINITIALIZED_AUTOS = YES_AGGRESSIVE;
				GCC_WARN_UNUSED_FUNCTION = YES;
				GCC_WARN_UNUSED_VARIABLE = YES;
				IPHONEOS_DEPLOYMENT_TARGET = 18.5;
				LOCALIZATION_PREFERS_STRING_CATALOGS = YES;
				MTL_ENABLE_DEBUG_INFO = INCLUDE_SOURCE;
				MTL_FAST_MATH = YES;
				ONLY_ACTIVE_ARCH = YES;
				SDKROOT = iphoneos;
				SWIFT_ACTIVE_COMPILATION_CONDITIONS = "DEBUG $(inherited)";
				SWIFT_OPTIMIZATION_LEVEL = "-Onone";
			};
			name = Debug;
		};
		B3EBC43B2F9B15CC00657C1A /* Release */ = {
			isa = XCBuildConfiguration;
			buildSettings = {
				ALWAYS_SEARCH_USER_PATHS = NO;
				ASSETCATALOG_COMPILER_GENERATE_SWIFT_ASSET_SYMBOL_EXTENSIONS = YES;
				CLANG_ANALYZER_NONNULL = YES;
				CLANG_ANALYZER_NUMBER_OBJECT_CONVERSION = YES_AGGRESSIVE;
				CLANG_CXX_LANGUAGE_STANDARD = "gnu++20";
				CLANG_ENABLE_MODULES = YES;
				CLANG_ENABLE_OBJC_ARC = YES;
				CLANG_ENABLE_OBJC_WEAK = YES;
				CLANG_WARN_BLOCK_CAPTURE_AUTORELEASING = YES;
				CLANG_WARN_BOOL_CONVERSION = YES;
				CLANG_WARN_COMMA = YES;
				CLANG_WARN_CONSTANT_CONVERSION = YES;
				CLANG_WARN_DEPRECATED_OBJC_IMPLEMENTATIONS = YES;
				CLANG_WARN_DIRECT_OBJC_ISA_USAGE = YES_ERROR;
				CLANG_WARN_DOCUMENTATION_COMMENTS = YES;
				CLANG_WARN_EMPTY_BODY = YES;
				CLANG_WARN_ENUM_CONVERSION = YES;
				CLANG_WARN_INFINITE_RECURSION = YES;
				CLANG_WARN_INT_CONVERSION = YES;
				CLANG_WARN_NON_LITERAL_NULL_CONVERSION = YES;
				CLANG_WARN_OBJC_IMPLICIT_RETAIN_SELF = YES;
				CLANG_WARN_OBJC_LITERAL_CONVERSION = YES;
				CLANG_WARN_OBJC_ROOT_CLASS = YES_ERROR;
				CLANG_WARN_QUOTED_INCLUDE_IN_FRAMEWORK_HEADER = YES;
				CLANG_WARN_RANGE_LOOP_ANALYSIS = YES;
				CLANG_WARN_STRICT_PROTOTYPES = YES;
				CLANG_WARN_SUSPICIOUS_MOVE = YES;
				CLANG_WARN_UNGUARDED_AVAILABILITY = YES_AGGRESSIVE;
				CLANG_WARN_UNREACHABLE_CODE = YES;
				CLANG_WARN__DUPLICATE_METHOD_MATCH = YES;
				COPY_PHASE_STRIP = NO;
				DEBUG_INFORMATION_FORMAT = "dwarf-with-dsym";
				ENABLE_NS_ASSERTIONS = NO;
				ENABLE_STRICT_OBJC_MSGSEND = YES;
				ENABLE_USER_SCRIPT_SANDBOXING = YES;
				GCC_C_LANGUAGE_STANDARD = gnu17;
				GCC_NO_COMMON_BLOCKS = YES;
				GCC_WARN_64_TO_32_BIT_CONVERSION = YES;
				GCC_WARN_ABOUT_RETURN_TYPE = YES_ERROR;
				GCC_WARN_UNDECLARED_SELECTOR = YES;
				GCC_WARN_UNINITIALIZED_AUTOS = YES_AGGRESSIVE;
				GCC_WARN_UNUSED_FUNCTION = YES;
				GCC_WARN_UNUSED_VARIABLE = YES;
				IPHONEOS_DEPLOYMENT_TARGET = 18.5;
				LOCALIZATION_PREFERS_STRING_CATALOGS = YES;
				MTL_ENABLE_DEBUG_INFO = NO;
				MTL_FAST_MATH = YES;
				SDKROOT = iphoneos;
				SWIFT_COMPILATION_MODE = wholemodule;
				VALIDATE_PRODUCT = YES;
			};
			name = Release;
		};
		B3EBC43D2F9B15CC00657C1A /* Debug */ = {
			isa = XCBuildConfiguration;
			buildSettings = {
				ASSETCATALOG_COMPILER_APPICON_NAME = AppIcon;
				ASSETCATALOG_COMPILER_GLOBAL_ACCENT_COLOR_NAME = AccentColor;
				CODE_SIGN_STYLE = Automatic;
				CURRENT_PROJECT_VERSION = 1;
				ENABLE_PREVIEWS = YES;
				GENERATE_INFOPLIST_FILE = YES;
				INFOPLIST_KEY_UIApplicationSceneManifest_Generation = YES;
				INFOPLIST_KEY_UIApplicationSupportsIndirectInputEvents = YES;
				INFOPLIST_KEY_UILaunchScreen_Generation = YES;
				INFOPLIST_KEY_UISupportedInterfaceOrientations_iPad = "UIInterfaceOrientationPortrait UIInterfaceOrientationPortraitUpsideDown UIInterfaceOrientationLandscapeLeft UIInterfaceOrientationLandscapeRight";
				INFOPLIST_KEY_UISupportedInterfaceOrientations_iPhone = "UIInterfaceOrientationPortrait UIInterfaceOrientationLandscapeLeft UIInterfaceOrientationLandscapeRight";
				LD_RUNPATH_SEARCH_PATHS = (
					"$(inherited)",
					"@executable_path/Frameworks",
				);
				MARKETING_VERSION = 1.0;
				PRODUCT_BUNDLE_IDENTIFIER = "com.aguiar.Follow-MVVM-DataFlow";
				PRODUCT_NAME = "$(TARGET_NAME)";
				SWIFT_EMIT_LOC_STRINGS = YES;
				SWIFT_VERSION = 5.0;
				TARGETED_DEVICE_FAMILY = "1,2";
			};
			name = Debug;
		};
		B3EBC43E2F9B15CC00657C1A /* Release */ = {
			isa = XCBuildConfiguration;
			buildSettings = {
				ASSETCATALOG_COMPILER_APPICON_NAME = AppIcon;
				ASSETCATALOG_COMPILER_GLOBAL_ACCENT_COLOR_NAME = AccentColor;
				CODE_SIGN_STYLE = Automatic;
				CURRENT_PROJECT_VERSION = 1;
				ENABLE_PREVIEWS = YES;
				GENERATE_INFOPLIST_FILE = YES;
				INFOPLIST_KEY_UIApplicationSceneManifest_Generation = YES;
				INFOPLIST_KEY_UIApplicationSupportsIndirectInputEvents = YES;
				INFOPLIST_KEY_UILaunchScreen_Generation = YES;
				INFOPLIST_KEY_UISupportedInterfaceOrientations_iPad = "UIInterfaceOrientationPortrait UIInterfaceOrientationPortraitUpsideDown UIInterfaceOrientationLandscapeLeft UIInterfaceOrientationLandscapeRight";
				INFOPLIST_KEY_UISupportedInterfaceOrientations_iPhone = "UIInterfaceOrientationPortrait UIInterfaceOrientationLandscapeLeft UIInterfaceOrientationLandscapeRight";
				LD_RUNPATH_SEARCH_PATHS = (
					"$(inherited)",
					"@executable_path/Frameworks",
				);
				MARKETING_VERSION = 1.0;
				PRODUCT_BUNDLE_IDENTIFIER = "com.aguiar.Follow-MVVM-DataFlow";
				PRODUCT_NAME = "$(TARGET_NAME)";
				SWIFT_EMIT_LOC_STRINGS = YES;
				SWIFT_VERSION = 5.0;
				TARGETED_DEVICE_FAMILY = "1,2";
			};
			name = Release;
		};
		B3EBC4402F9B15CC00657C1A /* Debug */ = {
			isa = XCBuildConfiguration;
			buildSettings = {
				BUNDLE_LOADER = "$(TEST_HOST)";
				CODE_SIGN_STYLE = Automatic;
				CURRENT_PROJECT_VERSION = 1;
				GENERATE_INFOPLIST_FILE = YES;
				IPHONEOS_DEPLOYMENT_TARGET = 18.5;
				MARKETING_VERSION = 1.0;
				PRODUCT_BUNDLE_IDENTIFIER = "com.aguiar.Follow-MVVM-DataFlowTests";
				PRODUCT_NAME = "$(TARGET_NAME)";
				SWIFT_EMIT_LOC_STRINGS = NO;
				SWIFT_VERSION = 5.0;
				TARGETED_DEVICE_FAMILY = "1,2";
				TEST_HOST = "$(BUILT_PRODUCTS_DIR)/Follow-MVVM-DataFlow.app/$(BUNDLE_EXECUTABLE_FOLDER_PATH)/Follow-MVVM-DataFlow";
			};
			name = Debug;
		};
		B3EBC4412F9B15CC00657C1A /* Release */ = {
			isa = XCBuildConfiguration;
			buildSettings = {
				BUNDLE_LOADER = "$(TEST_HOST)";
				CODE_SIGN_STYLE = Automatic;
				CURRENT_PROJECT_VERSION = 1;
				GENERATE_INFOPLIST_FILE = YES;
				IPHONEOS_DEPLOYMENT_TARGET = 18.5;
				MARKETING_VERSION = 1.0;
				PRODUCT_BUNDLE_IDENTIFIER = "com.aguiar.Follow-MVVM-DataFlowTests";
				PRODUCT_NAME = "$(TARGET_NAME)";
				SWIFT_EMIT_LOC_STRINGS = NO;
				SWIFT_VERSION = 5.0;
				TARGETED_DEVICE_FAMILY = "1,2";
				TEST_HOST = "$(BUILT_PRODUCTS_DIR)/Follow-MVVM-DataFlow.app/$(BUNDLE_EXECUTABLE_FOLDER_PATH)/Follow-MVVM-DataFlow";
			};
			name = Release;
		};
		B3EBC4432F9B15CC00657C1A /* Debug */ = {
			isa = XCBuildConfiguration;
			buildSettings = {
				CODE_SIGN_STYLE = Automatic;
				CURRENT_PROJECT_VERSION = 1;
				GENERATE_INFOPLIST_FILE = YES;
				MARKETING_VERSION = 1.0;
				PRODUCT_BUNDLE_IDENTIFIER = "com.aguiar.Follow-MVVM-DataFlowUITests";
				PRODUCT_NAME = "$(TARGET_NAME)";
				SWIFT_EMIT_LOC_STRINGS = NO;
				SWIFT_VERSION = 5.0;
				TARGETED_DEVICE_FAMILY = "1,2";
				TEST_TARGET_NAME = "Follow-MVVM-DataFlow";
			};
			name = Debug;
		};
		B3EBC4442F9B15CC00657C1A /* Release */ = {
			isa = XCBuildConfiguration;
			buildSettings = {
				CODE_SIGN_STYLE = Automatic;
				CURRENT_PROJECT_VERSION = 1;
				GENERATE_INFOPLIST_FILE = YES;
				MARKETING_VERSION = 1.0;
				PRODUCT_BUNDLE_IDENTIFIER = "com.aguiar.Follow-MVVM-DataFlowUITests";
				PRODUCT_NAME = "$(TARGET_NAME)";
				SWIFT_EMIT_LOC_STRINGS = NO;
				SWIFT_VERSION = 5.0;
				TARGETED_DEVICE_FAMILY = "1,2";
				TEST_TARGET_NAME = "Follow-MVVM-DataFlow";
			};
			name = Release;
		};
/* End XCBuildConfiguration section */

/* Begin XCConfigurationList section */
		B3EBC4162F9B15C900657C1A /* Build configuration list for PBXProject "Follow-MVVM-DataFlow" */ = {
			isa = XCConfigurationList;
			buildConfigurations = (
				B3EBC43A2F9B15CC00657C1A /* Debug */,
				B3EBC43B2F9B15CC00657C1A /* Release */,
			);
			defaultConfigurationIsVisible = 0;
			defaultConfigurationName = Release;
		};
		B3EBC43C2F9B15CC00657C1A /* Build configuration list for PBXNativeTarget "Follow-MVVM-DataFlow" */ = {
			isa = XCConfigurationList;
			buildConfigurations = (
				B3EBC43D2F9B15CC00657C1A /* Debug */,
				B3EBC43E2F9B15CC00657C1A /* Release */,
			);
			defaultConfigurationIsVisible = 0;
			defaultConfigurationName = Release;
		};
		B3EBC43F2F9B15CC00657C1A /* Build configuration list for PBXNativeTarget "Follow-MVVM-DataFlowTests" */ = {
			isa = XCConfigurationList;
			buildConfigurations = (
				B3EBC4402F9B15CC00657C1A /* Debug */,
				B3EBC4412F9B15CC00657C1A /* Release */,
			);
			defaultConfigurationIsVisible = 0;
			defaultConfigurationName = Release;
		};
		B3EBC4422F9B15CC00657C1A /* Build configuration list for PBXNativeTarget "Follow-MVVM-DataFlowUITests" */ = {
			isa = XCConfigurationList;
			buildConfigurations = (
				B3EBC4432F9B15CC00657C1A /* Debug */,
				B3EBC4442F9B15CC00657C1A /* Release */,
			);
			defaultConfigurationIsVisible = 0;
			defaultConfigurationName = Release;
		};
/* End XCConfigurationList section */
	};
	rootObject = B3EBC4132F9B15C900657C1A /* Project object */;
}
